
Microsoft Visual Studio Solution File, Format Version 12.00
# Visual Studio 2012
Project("{8BC9CEB8-8B4A-11D0-8D11-00A0C91BC942}") = "CustomerClass", "CustomerClass\CustomerClass.vcxproj", "{4DF02E2C-8BD1-4366-BDA4-E7E747EEAF47}"
EndProject
Global
	GlobalSection(SolutionConfigurationPlatforms) = preSolution
		Debug|Win32 = Debug|Win32
		Release|Win32 = Release|Win32
	EndGlobalSection
	GlobalSection(ProjectConfigurationPlatforms) = postSolution
		{4DF02E2C-8BD1-4366-BDA4-E7E747EEAF47}.Debug|Win32.ActiveCfg = Debug|Win32
		{4DF02E2C-8BD1-4366-BDA4-E7E747EEAF47}.Debug|Win32.Build.0 = Debug|Win32
		{4DF02E2C-8BD1-4366-BDA4-E7E747EEAF47}.Release|Win32.ActiveCfg = Release|Win32
		{4DF02E2C-8BD1-4366-BDA4-E7E747EEAF47}.Release|Win32.Build.0 = Release|Win32
	EndGlobalSection
	GlobalSection(SolutionProperties) = preSolution
		HideSolutionNode = FALSE
	EndGlobalSection
EndGlobal
