
Microsoft Visual Studio Solution File, Format Version 12.00
# Visual Studio 2012
Project("{8BC9CEB8-8B4A-11D0-8D11-00A0C91BC942}") = "Mid Point", "Mid Point\Mid Point.vcxproj", "{FE0C9638-5297-4A73-A191-E7761E7F077B}"
EndProject
Global
	GlobalSection(SolutionConfigurationPlatforms) = preSolution
		Debug|Win32 = Debug|Win32
		Release|Win32 = Release|Win32
	EndGlobalSection
	GlobalSection(ProjectConfigurationPlatforms) = postSolution
		{FE0C9638-5297-4A73-A191-E7761E7F077B}.Debug|Win32.ActiveCfg = Debug|Win32
		{FE0C9638-5297-4A73-A191-E7761E7F077B}.Debug|Win32.Build.0 = Debug|Win32
		{FE0C9638-5297-4A73-A191-E7761E7F077B}.Release|Win32.ActiveCfg = Release|Win32
		{FE0C9638-5297-4A73-A191-E7761E7F077B}.Release|Win32.Build.0 = Release|Win32
	EndGlobalSection
	GlobalSection(SolutionProperties) = preSolution
		HideSolutionNode = FALSE
	EndGlobalSection
EndGlobal
