
Microsoft Visual Studio Solution File, Format Version 12.00
# Visual Studio 2012
Project("{8BC9CEB8-8B4A-11D0-8D11-00A0C91BC942}") = "relational", "relational\relational.vcxproj", "{78599815-0FEB-4C5D-A3AA-78426ACDC860}"
EndProject
Global
	GlobalSection(SolutionConfigurationPlatforms) = preSolution
		Debug|Win32 = Debug|Win32
		Release|Win32 = Release|Win32
	EndGlobalSection
	GlobalSection(ProjectConfigurationPlatforms) = postSolution
		{78599815-0FEB-4C5D-A3AA-78426ACDC860}.Debug|Win32.ActiveCfg = Debug|Win32
		{78599815-0FEB-4C5D-A3AA-78426ACDC860}.Debug|Win32.Build.0 = Debug|Win32
		{78599815-0FEB-4C5D-A3AA-78426ACDC860}.Release|Win32.ActiveCfg = Release|Win32
		{78599815-0FEB-4C5D-A3AA-78426ACDC860}.Release|Win32.Build.0 = Release|Win32
	EndGlobalSection
	GlobalSection(SolutionProperties) = preSolution
		HideSolutionNode = FALSE
	EndGlobalSection
EndGlobal
